// !$*UTF8*$!
{
	archiveVersion = 1;
	classes = {
	};
	objectVersion = 56;
	objects = {

/* Begin PBXBuildFile section */
		5C4C0BCA2C1D9918005E350A /* WeatherUpdateApp.swift in Sources */ = {isa = PBXBuildFile; fileRef = 5C4C0BC92C1D9918005E350A /* WeatherUpdateApp.swift */; };
		5C4C0BCC2C1D9918005E350A /* ContentView.swift in Sources */ = {isa = PBXBuildFile; fileRef = 5C4C0BCB2C1D9918005E350A /* ContentView.swift */; };
		5C4C0BCE2C1D9919005E350A /* Assets.xcassets in Resources */ = {isa = PBXBuildFile; fileRef = 5C4C0BCD2C1D9919005E350A /* Assets.xcassets */; };
		5C4C0BD12C1D9919005E350A /* Preview Assets.xcassets in Resources */ = {isa = PBXBuildFile; fileRef = 5C4C0BD02C1D9919005E350A /* Preview Assets.xcassets */; };
		5C4C0BDB2C1D991A005E350A /* WeatherUpdateTests.swift in Sources */ = {isa = PBXBuildFile; fileRef = 5C4C0BDA2C1D991A005E350A /* WeatherUpdateTests.swift */; };
		5C4C0BE52C1D991A005E350A /* WeatherUpdateUITests.swift in Sources */ = {isa = PBXBuildFile; fileRef = 5C4C0BE42C1D991A005E350A /* WeatherUpdateUITests.swift */; };
		5C4C0BE72C1D991A005E350A /* WeatherUpdateUITestsLaunchTests.swift in Sources */ = {isa = PBXBuildFile; fileRef = 5C4C0BE62C1D991A005E350A /* WeatherUpdateUITestsLaunchTests.swift */; };
		5C4C0BF62C1D996A005E350A /* WeatherManager.swift in Sources */ = {isa = PBXBuildFile; fileRef = 5C4C0BF52C1D996A005E350A /* WeatherManager.swift */; };
		5C4C0BF82C1D997E005E350A /* LocationManager.swift in Sources */ = {isa = PBXBuildFile; fileRef = 5C4C0BF72C1D997E005E350A /* LocationManager.swift */; };
		5C4C0BFA2C1D99A6005E350A /* LoadingView.swift in Sources */ = {isa = PBXBuildFile; fileRef = 5C4C0BF92C1D99A6005E350A /* LoadingView.swift */; };
		5C4C0BFC2C1D99B1005E350A /* WelcomeView.swift in Sources */ = {isa = PBXBuildFile; fileRef = 5C4C0BFB2C1D99B1005E350A /* WelcomeView.swift */; };
		5C4C0BFE2C1D99C2005E350A /* WeatherDisplayView.swift in Sources */ = {isa = PBXBuildFile; fileRef = 5C4C0BFD2C1D99C2005E350A /* WeatherDisplayView.swift */; };
		5C4C0C002C1D99F4005E350A /* WeatherRowView.swift in Sources */ = {isa = PBXBuildFile; fileRef = 5C4C0BFF2C1D99F4005E350A /* WeatherRowView.swift */; };
		5C4C0C032C1D9A20005E350A /* WeatherData.swift in Sources */ = {isa = PBXBuildFile; fileRef = 5C4C0C022C1D9A20005E350A /* WeatherData.swift */; };
/* End PBXBuildFile section */

/* Begin PBXContainerItemProxy section */
		5C4C0BD72C1D991A005E350A /* PBXContainerItemProxy */ = {
			isa = PBXContainerItemProxy;
			containerPortal = 5C4C0BBE2C1D9918005E350A /* Project object */;
			proxyType = 1;
			remoteGlobalIDString = 5C4C0BC52C1D9918005E350A;
			remoteInfo = WeatherUpdate;
		};
		5C4C0BE12C1D991A005E350A /* PBXContainerItemProxy */ = {
			isa = PBXContainerItemProxy;
			containerPortal = 5C4C0BBE2C1D9918005E350A /* Project object */;
			proxyType = 1;
			remoteGlobalIDString = 5C4C0BC52C1D9918005E350A;
			remoteInfo = WeatherUpdate;
		};
/* End PBXContainerItemProxy section */

/* Begin PBXFileReference section */
		5C4C0BC62C1D9918005E350A /* WeatherUpdate.app */ = {isa = PBXFileReference; explicitFileType = wrapper.application; includeInIndex = 0; path = WeatherUpdate.app; sourceTree = BUILT_PRODUCTS_DIR; };
		5C4C0BC92C1D9918005E350A /* WeatherUpdateApp.swift */ = {isa = PBXFileReference; lastKnownFileType = sourcecode.swift; path = WeatherUpdateApp.swift; sourceTree = "<group>"; };
		5C4C0BCB2C1D9918005E350A /* ContentView.swift */ = {isa = PBXFileReference; lastKnownFileType = sourcecode.swift; path = ContentView.swift; sourceTree = "<group>"; };
		5C4C0BCD2C1D9919005E350A /* Assets.xcassets */ = {isa = PBXFileReference; lastKnownFileType = folder.assetcatalog; path = Assets.xcassets; sourceTree = "<group>"; };
		5C4C0BD02C1D9919005E350A /* Preview Assets.xcassets */ = {isa = PBXFileReference; lastKnownFileType = folder.assetcatalog; path = "Preview Assets.xcassets"; sourceTree = "<group>"; };
		5C4C0BD62C1D991A005E350A /* WeatherUpdateTests.xctest */ = {isa = PBXFileReference; explicitFileType = wrapper.cfbundle; includeInIndex = 0; path = WeatherUpdateTests.xctest; sourceTree = BUILT_PRODUCTS_DIR; };
		5C4C0BDA2C1D991A005E350A /* WeatherUpdateTests.swift */ = {isa = PBXFileReference; lastKnownFileType = sourcecode.swift; path = WeatherUpdateTests.swift; sourceTree = "<group>"; };
		5C4C0BE02C1D991A005E350A /* WeatherUpdateUITests.xctest */ = {isa = PBXFileReference; explicitFileType = wrapper.cfbundle; includeInIndex = 0; path = WeatherUpdateUITests.xctest; sourceTree = BUILT_PRODUCTS_DIR; };
		5C4C0BE42C1D991A005E350A /* WeatherUpdateUITests.swift */ = {isa = PBXFileReference; lastKnownFileType = sourcecode.swift; path = WeatherUpdateUITests.swift; sourceTree = "<group>"; };
		5C4C0BE62C1D991A005E350A /* WeatherUpdateUITestsLaunchTests.swift */ = {isa = PBXFileReference; lastKnownFileType = sourcecode.swift; path = WeatherUpdateUITestsLaunchTests.swift; sourceTree = "<group>"; };
		5C4C0BF52C1D996A005E350A /* WeatherManager.swift */ = {isa = PBXFileReference; lastKnownFileType = sourcecode.swift; path = WeatherManager.swift; sourceTree = "<group>"; };
		5C4C0BF72C1D997E005E350A /* LocationManager.swift */ = {isa = PBXFileReference; lastKnownFileType = sourcecode.swift; path = LocationManager.swift; sourceTree = "<group>"; };
		5C4C0BF92C1D99A6005E350A /* LoadingView.swift */ = {isa = PBXFileReference; lastKnownFileType = sourcecode.swift; path = LoadingView.swift; sourceTree = "<group>"; };
		5C4C0BFB2C1D99B1005E350A /* WelcomeView.swift */ = {isa = PBXFileReference; lastKnownFileType = sourcecode.swift; path = WelcomeView.swift; sourceTree = "<group>"; };
		5C4C0BFD2C1D99C2005E350A /* WeatherDisplayView.swift */ = {isa = PBXFileReference; lastKnownFileType = sourcecode.swift; path = WeatherDisplayView.swift; sourceTree = "<group>"; };
		5C4C0BFF2C1D99F4005E350A /* WeatherRowView.swift */ = {isa = PBXFileReference; lastKnownFileType = sourcecode.swift; path = WeatherRowView.swift; sourceTree = "<group>"; };
		5C4C0C022C1D9A20005E350A /* WeatherData.swift */ = {isa = PBXFileReference; lastKnownFileType = sourcecode.swift; path = WeatherData.swift; sourceTree = "<group>"; };
/* End PBXFileReference section */

/* Begin PBXFrameworksBuildPhase section */
		5C4C0BC32C1D9918005E350A /* Frameworks */ = {
			isa = PBXFrameworksBuildPhase;
			buildActionMask = 2147483647;
			files = (
			);
			runOnlyForDeploymentPostprocessing = 0;
		};
		5C4C0BD32C1D991A005E350A /* Frameworks */ = {
			isa = PBXFrameworksBuildPhase;
			buildActionMask = 2147483647;
			files = (
			);
			runOnlyForDeploymentPostprocessing = 0;
		};
		5C4C0BDD2C1D991A005E350A /* Frameworks */ = {
			isa = PBXFrameworksBuildPhase;
			buildActionMask = 2147483647;
			files = (
			);
			runOnlyForDeploymentPostprocessing = 0;
		};
/* End PBXFrameworksBuildPhase section */

/* Begin PBXGroup section */
		5C4C0BBD2C1D9918005E350A = {
			isa = PBXGroup;
			children = (
				5C4C0BC82C1D9918005E350A /* WeatherUpdate */,
				5C4C0BD92C1D991A005E350A /* WeatherUpdateTests */,
				5C4C0BE32C1D991A005E350A /* WeatherUpdateUITests */,
				5C4C0BC72C1D9918005E350A /* Products */,
			);
			sourceTree = "<group>";
		};
		5C4C0BC72C1D9918005E350A /* Products */ = {
			isa = PBXGroup;
			children = (
				5C4C0BC62C1D9918005E350A /* WeatherUpdate.app */,
				5C4C0BD62C1D991A005E350A /* WeatherUpdateTests.xctest */,
				5C4C0BE02C1D991A005E350A /* WeatherUpdateUITests.xctest */,
			);
			name = Products;
			sourceTree = "<group>";
		};
		5C4C0BC82C1D9918005E350A /* WeatherUpdate */ = {
			isa = PBXGroup;
			children = (
				5C4C0C012C1D9A10005E350A /* Model */,
				5C4C0BF42C1D9952005E350A /* Managers */,
				5C4C0BC92C1D9918005E350A /* WeatherUpdateApp.swift */,
				5C4C0BF32C1D993B005E350A /* Views */,
				5C4C0BCD2C1D9919005E350A /* Assets.xcassets */,
				5C4C0BCF2C1D9919005E350A /* Preview Content */,
			);
			path = WeatherUpdate;
			sourceTree = "<group>";
		};
		5C4C0BCF2C1D9919005E350A /* Preview Content */ = {
			isa = PBXGroup;
			children = (
				5C4C0BD02C1D9919005E350A /* Preview Assets.xcassets */,
			);
			path = "Preview Content";
			sourceTree = "<group>";
		};
		5C4C0BD92C1D991A005E350A /* WeatherUpdateTests */ = {
			isa = PBXGroup;
			children = (
				5C4C0BDA2C1D991A005E350A /* WeatherUpdateTests.swift */,
			);
			path = WeatherUpdateTests;
			sourceTree = "<group>";
		};
		5C4C0BE32C1D991A005E350A /* WeatherUpdateUITests */ = {
			isa = PBXGroup;
			children = (
				5C4C0BE42C1D991A005E350A /* WeatherUpdateUITests.swift */,
				5C4C0BE62C1D991A005E350A /* WeatherUpdateUITestsLaunchTests.swift */,
			);
			path = WeatherUpdateUITests;
			sourceTree = "<group>";
		};
		5C4C0BF32C1D993B005E350A /* Views */ = {
			isa = PBXGroup;
			children = (
				5C4C0BCB2C1D9918005E350A /* ContentView.swift */,
				5C4C0BF92C1D99A6005E350A /* LoadingView.swift */,
				5C4C0BFB2C1D99B1005E350A /* WelcomeView.swift */,
				5C4C0BFD2C1D99C2005E350A /* WeatherDisplayView.swift */,
				5C4C0BFF2C1D99F4005E350A /* WeatherRowView.swift */,
			);
			path = Views;
			sourceTree = "<group>";
		};
		5C4C0BF42C1D9952005E350A /* Managers */ = {
			isa = PBXGroup;
			children = (
				5C4C0BF52C1D996A005E350A /* WeatherManager.swift */,
				5C4C0BF72C1D997E005E350A /* LocationManager.swift */,
			);
			path = Managers;
			sourceTree = "<group>";
		};
		5C4C0C012C1D9A10005E350A /* Model */ = {
			isa = PBXGroup;
			children = (
				5C4C0C022C1D9A20005E350A /* WeatherData.swift */,
			);
			path = Model;
			sourceTree = "<group>";
		};
/* End PBXGroup section */

/* Begin PBXNativeTarget section */
		5C4C0BC52C1D9918005E350A /* WeatherUpdate */ = {
			isa = PBXNativeTarget;
			buildConfigurationList = 5C4C0BEA2C1D991A005E350A /* Build configuration list for PBXNativeTarget "WeatherUpdate" */;
			buildPhases = (
				5C4C0BC22C1D9918005E350A /* Sources */,
				5C4C0BC32C1D9918005E350A /* Frameworks */,
				5C4C0BC42C1D9918005E350A /* Resources */,
			);
			buildRules = (
			);
			dependencies = (
			);
			name = WeatherUpdate;
			productName = WeatherUpdate;
			productReference = 5C4C0BC62C1D9918005E350A /* WeatherUpdate.app */;
			productType = "com.apple.product-type.application";
		};
		5C4C0BD52C1D991A005E350A /* WeatherUpdateTests */ = {
			isa = PBXNativeTarget;
			buildConfigurationList = 5C4C0BED2C1D991A005E350A /* Build configuration list for PBXNativeTarget "WeatherUpdateTests" */;
			buildPhases = (
				5C4C0BD22C1D991A005E350A /* Sources */,
				5C4C0BD32C1D991A005E350A /* Frameworks */,
				5C4C0BD42C1D991A005E350A /* Resources */,
			);
			buildRules = (
			);
			dependencies = (
				5C4C0BD82C1D991A005E350A /* PBXTargetDependency */,
			);
			name = WeatherUpdateTests;
			productName = WeatherUpdateTests;
			productReference = 5C4C0BD62C1D991A005E350A /* WeatherUpdateTests.xctest */;
			productType = "com.apple.product-type.bundle.unit-test";
		};
		5C4C0BDF2C1D991A005E350A /* WeatherUpdateUITests */ = {
			isa = PBXNativeTarget;
			buildConfigurationList = 5C4C0BF02C1D991A005E350A /* Build configuration list for PBXNativeTarget "WeatherUpdateUITests" */;
			buildPhases = (
				5C4C0BDC2C1D991A005E350A /* Sources */,
				5C4C0BDD2C1D991A005E350A /* Frameworks */,
				5C4C0BDE2C1D991A005E350A /* Resources */,
			);
			buildRules = (
			);
			dependencies = (
				5C4C0BE22C1D991A005E350A /* PBXTargetDependency */,
			);
			name = WeatherUpdateUITests;
			productName = WeatherUpdateUITests;
			productReference = 5C4C0BE02C1D991A005E350A /* WeatherUpdateUITests.xctest */;
			productType = "com.apple.product-type.bundle.ui-testing";
		};
/* End PBXNativeTarget section */

/* Begin PBXProject section */
		5C4C0BBE2C1D9918005E350A /* Project object */ = {
			isa = PBXProject;
			attributes = {
				BuildIndependentTargetsInParallel = 1;
				LastSwiftUpdateCheck = 1510;
				LastUpgradeCheck = 1510;
				TargetAttributes = {
					5C4C0BC52C1D9918005E350A = {
						CreatedOnToolsVersion = 15.1;
					};
					5C4C0BD52C1D991A005E350A = {
						CreatedOnToolsVersion = 15.1;
						TestTargetID = 5C4C0BC52C1D9918005E350A;
					};
					5C4C0BDF2C1D991A005E350A = {
						CreatedOnToolsVersion = 15.1;
						TestTargetID = 5C4C0BC52C1D9918005E350A;
					};
				};
			};
			buildConfigurationList = 5C4C0BC12C1D9918005E350A /* Build configuration list for PBXProject "WeatherUpdate" */;
			compatibilityVersion = "Xcode 14.0";
			developmentRegion = en;
			hasScannedForEncodings = 0;
			knownRegions = (
				en,
				Base,
			);
			mainGroup = 5C4C0BBD2C1D9918005E350A;
			productRefGroup = 5C4C0BC72C1D9918005E350A /* Products */;
			projectDirPath = "";
			projectRoot = "";
			targets = (
				5C4C0BC52C1D9918005E350A /* WeatherUpdate */,
				5C4C0BD52C1D991A005E350A /* WeatherUpdateTests */,
				5C4C0BDF2C1D991A005E350A /* WeatherUpdateUITests */,
			);
		};
/* End PBXProject section */

/* Begin PBXResourcesBuildPhase section */
		5C4C0BC42C1D9918005E350A /* Resources */ = {
			isa = PBXResourcesBuildPhase;
			buildActionMask = 2147483647;
			files = (
				5C4C0BD12C1D9919005E350A /* Preview Assets.xcassets in Resources */,
				5C4C0BCE2C1D9919005E350A /* Assets.xcassets in Resources */,
			);
			runOnlyForDeploymentPostprocessing = 0;
		};
		5C4C0BD42C1D991A005E350A /* Resources */ = {
			isa = PBXResourcesBuildPhase;
			buildActionMask = 2147483647;
			files = (
			);
			runOnlyForDeploymentPostprocessing = 0;
		};
		5C4C0BDE2C1D991A005E350A /* Resources */ = {
			isa = PBXResourcesBuildPhase;
			buildActionMask = 2147483647;
			files = (
			);
			runOnlyForDeploymentPostprocessing = 0;
		};
/* End PBXResourcesBuildPhase section */

/* Begin PBXSourcesBuildPhase section */
		5C4C0BC22C1D9918005E350A /* Sources */ = {
			isa = PBXSourcesBuildPhase;
			buildActionMask = 2147483647;
			files = (
				5C4C0BF82C1D997E005E350A /* LocationManager.swift in Sources */,
				5C4C0BFC2C1D99B1005E350A /* WelcomeView.swift in Sources */,
				5C4C0C002C1D99F4005E350A /* WeatherRowView.swift in Sources */,
				5C4C0BF62C1D996A005E350A /* WeatherManager.swift in Sources */,
				5C4C0BCC2C1D9918005E350A /* ContentView.swift in Sources */,
				5C4C0BFA2C1D99A6005E350A /* LoadingView.swift in Sources */,
				5C4C0BFE2C1D99C2005E350A /* WeatherDisplayView.swift in Sources */,
				5C4C0C032C1D9A20005E350A /* WeatherData.swift in Sources */,
				5C4C0BCA2C1D9918005E350A /* WeatherUpdateApp.swift in Sources */,
			);
			runOnlyForDeploymentPostprocessing = 0;
		};
		5C4C0BD22C1D991A005E350A /* Sources */ = {
			isa = PBXSourcesBuildPhase;
			buildActionMask = 2147483647;
			files = (
				5C4C0BDB2C1D991A005E350A /* WeatherUpdateTests.swift in Sources */,
			);
			runOnlyForDeploymentPostprocessing = 0;
		};
		5C4C0BDC2C1D991A005E350A /* Sources */ = {
			isa = PBXSourcesBuildPhase;
			buildActionMask = 2147483647;
			files = (
				5C4C0BE72C1D991A005E350A /* WeatherUpdateUITestsLaunchTests.swift in Sources */,
				5C4C0BE52C1D991A005E350A /* WeatherUpdateUITests.swift in Sources */,
			);
			runOnlyForDeploymentPostprocessing = 0;
		};
/* End PBXSourcesBuildPhase section */

/* Begin PBXTargetDependency section */
		5C4C0BD82C1D991A005E350A /* PBXTargetDependency */ = {
			isa = PBXTargetDependency;
			target = 5C4C0BC52C1D9918005E350A /* WeatherUpdate */;
			targetProxy = 5C4C0BD72C1D991A005E350A /* PBXContainerItemProxy */;
		};
		5C4C0BE22C1D991A005E350A /* PBXTargetDependency */ = {
			isa = PBXTargetDependency;
			target = 5C4C0BC52C1D9918005E350A /* WeatherUpdate */;
			targetProxy = 5C4C0BE12C1D991A005E350A /* PBXContainerItemProxy */;
		};
/* End PBXTargetDependency section */

/* Begin XCBuildConfiguration section */
		5C4C0BE82C1D991A005E350A /* Debug */ = {
			isa = XCBuildConfiguration;
			buildSettings = {
				ALWAYS_SEARCH_USER_PATHS = NO;
				ASSETCATALOG_COMPILER_GENERATE_SWIFT_ASSET_SYMBOL_EXTENSIONS = YES;
				CLANG_ANALYZER_NONNULL = YES;
				CLANG_ANALYZER_NUMBER_OBJECT_CONVERSION = YES_AGGRESSIVE;
				CLANG_CXX_LANGUAGE_STANDARD = "gnu++20";
				CLANG_ENABLE_MODULES = YES;
				CLANG_ENABLE_OBJC_ARC = YES;
				CLANG_ENABLE_OBJC_WEAK = YES;
				CLANG_WARN_BLOCK_CAPTURE_AUTORELEASING = YES;
				CLANG_WARN_BOOL_CONVERSION = YES;
				CLANG_WARN_COMMA = YES;
				CLANG_WARN_CONSTANT_CONVERSION = YES;
				CLANG_WARN_DEPRECATED_OBJC_IMPLEMENTATIONS = YES;
				CLANG_WARN_DIRECT_OBJC_ISA_USAGE = YES_ERROR;
				CLANG_WARN_DOCUMENTATION_COMMENTS = YES;
				CLANG_WARN_EMPTY_BODY = YES;
				CLANG_WARN_ENUM_CONVERSION = YES;
				CLANG_WARN_INFINITE_RECURSION = YES;
				CLANG_WARN_INT_CONVERSION = YES;
				CLANG_WARN_NON_LITERAL_NULL_CONVERSION = YES;
				CLANG_WARN_OBJC_IMPLICIT_RETAIN_SELF = YES;
				CLANG_WARN_OBJC_LITERAL_CONVERSION = YES;
				CLANG_WARN_OBJC_ROOT_CLASS = YES_ERROR;
				CLANG_WARN_QUOTED_INCLUDE_IN_FRAMEWORK_HEADER = YES;
				CLANG_WARN_RANGE_LOOP_ANALYSIS = YES;
				CLANG_WARN_STRICT_PROTOTYPES = YES;
				CLANG_WARN_SUSPICIOUS_MOVE = YES;
				CLANG_WARN_UNGUARDED_AVAILABILITY = YES_AGGRESSIVE;
				CLANG_WARN_UNREACHABLE_CODE = YES;
				CLANG_WARN__DUPLICATE_METHOD_MATCH = YES;
				COPY_PHASE_STRIP = NO;
				DEBUG_INFORMATION_FORMAT = dwarf;
				ENABLE_STRICT_OBJC_MSGSEND = YES;
				ENABLE_TESTABILITY = YES;
				ENABLE_USER_SCRIPT_SANDBOXING = YES;
				GCC_C_LANGUAGE_STANDARD = gnu17;
				GCC_DYNAMIC_NO_PIC = NO;
				GCC_NO_COMMON_BLOCKS = YES;
				GCC_OPTIMIZATION_LEVEL = 0;
				GCC_PREPROCESSOR_DEFINITIONS = (
					"DEBUG=1",
					"$(inherited)",
				);
				GCC_WARN_64_TO_32_BIT_CONVERSION = YES;
				GCC_WARN_ABOUT_RETURN_TYPE = YES_ERROR;
				GCC_WARN_UNDECLARED_SELECTOR = YES;
				GCC_WARN_UNINITIALIZED_AUTOS = YES_AGGRESSIVE;
				GCC_WARN_UNUSED_FUNCTION = YES;
				GCC_WARN_UNUSED_VARIABLE = YES;
				IPHONEOS_DEPLOYMENT_TARGET = 17.2;
				LOCALIZATION_PREFERS_STRING_CATALOGS = YES;
				MTL_ENABLE_DEBUG_INFO = INCLUDE_SOURCE;
				MTL_FAST_MATH = YES;
				ONLY_ACTIVE_ARCH = YES;
				SDKROOT = iphoneos;
				SWIFT_ACTIVE_COMPILATION_CONDITIONS = "DEBUG $(inherited)";
				SWIFT_OPTIMIZATION_LEVEL = "-Onone";
			};
			name = Debug;
		};
		5C4C0BE92C1D991A005E350A /* Release */ = {
			isa = XCBuildConfiguration;
			buildSettings = {
				ALWAYS_SEARCH_USER_PATHS = NO;
				ASSETCATALOG_COMPILER_GENERATE_SWIFT_ASSET_SYMBOL_EXTENSIONS = YES;
				CLANG_ANALYZER_NONNULL = YES;
				CLANG_ANALYZER_NUMBER_OBJECT_CONVERSION = YES_AGGRESSIVE;
				CLANG_CXX_LANGUAGE_STANDARD = "gnu++20";
				CLANG_ENABLE_MODULES = YES;
				CLANG_ENABLE_OBJC_ARC = YES;
				CLANG_ENABLE_OBJC_WEAK = YES;
				CLANG_WARN_BLOCK_CAPTURE_AUTORELEASING = YES;
				CLANG_WARN_BOOL_CONVERSION = YES;
				CLANG_WARN_COMMA = YES;
				CLANG_WARN_CONSTANT_CONVERSION = YES;
				CLANG_WARN_DEPRECATED_OBJC_IMPLEMENTATIONS = YES;
				CLANG_WARN_DIRECT_OBJC_ISA_USAGE = YES_ERROR;
				CLANG_WARN_DOCUMENTATION_COMMENTS = YES;
				CLANG_WARN_EMPTY_BODY = YES;
				CLANG_WARN_ENUM_CONVERSION = YES;
				CLANG_WARN_INFINITE_RECURSION = YES;
				CLANG_WARN_INT_CONVERSION = YES;
				CLANG_WARN_NON_LITERAL_NULL_CONVERSION = YES;
				CLANG_WARN_OBJC_IMPLICIT_RETAIN_SELF = YES;
				CLANG_WARN_OBJC_LITERAL_CONVERSION = YES;
				CLANG_WARN_OBJC_ROOT_CLASS = YES_ERROR;
				CLANG_WARN_QUOTED_INCLUDE_IN_FRAMEWORK_HEADER = YES;
				CLANG_WARN_RANGE_LOOP_ANALYSIS = YES;
				CLANG_WARN_STRICT_PROTOTYPES = YES;
				CLANG_WARN_SUSPICIOUS_MOVE = YES;
				CLANG_WARN_UNGUARDED_AVAILABILITY = YES_AGGRESSIVE;
				CLANG_WARN_UNREACHABLE_CODE = YES;
				CLANG_WARN__DUPLICATE_METHOD_MATCH = YES;
				COPY_PHASE_STRIP = NO;
				DEBUG_INFORMATION_FORMAT = "dwarf-with-dsym";
				ENABLE_NS_ASSERTIONS = NO;
				ENABLE_STRICT_OBJC_MSGSEND = YES;
				ENABLE_USER_SCRIPT_SANDBOXING = YES;
				GCC_C_LANGUAGE_STANDARD = gnu17;
				GCC_NO_COMMON_BLOCKS = YES;
				GCC_WARN_64_TO_32_BIT_CONVERSION = YES;
				GCC_WARN_ABOUT_RETURN_TYPE = YES_ERROR;
				GCC_WARN_UNDECLARED_SELECTOR = YES;
				GCC_WARN_UNINITIALIZED_AUTOS = YES_AGGRESSIVE;
				GCC_WARN_UNUSED_FUNCTION = YES;
				GCC_WARN_UNUSED_VARIABLE = YES;
				IPHONEOS_DEPLOYMENT_TARGET = 17.2;
				LOCALIZATION_PREFERS_STRING_CATALOGS = YES;
				MTL_ENABLE_DEBUG_INFO = NO;
				MTL_FAST_MATH = YES;
				SDKROOT = iphoneos;
				SWIFT_COMPILATION_MODE = wholemodule;
				VALIDATE_PRODUCT = YES;
			};
			name = Release;
		};
		5C4C0BEB2C1D991A005E350A /* Debug */ = {
			isa = XCBuildConfiguration;
			buildSettings = {
				ASSETCATALOG_COMPILER_APPICON_NAME = AppIcon;
				ASSETCATALOG_COMPILER_GLOBAL_ACCENT_COLOR_NAME = AccentColor;
				CODE_SIGN_STYLE = Automatic;
				CURRENT_PROJECT_VERSION = 1;
				DEVELOPMENT_ASSET_PATHS = "\"WeatherUpdate/Preview Content\"";
				DEVELOPMENT_TEAM = RQB2332XHJ;
				ENABLE_PREVIEWS = YES;
				GENERATE_INFOPLIST_FILE = YES;
				INFOPLIST_KEY_NSLocationWhenInUseUsageDescription = "App wants to know your location";
				INFOPLIST_KEY_UIApplicationSceneManifest_Generation = YES;
				INFOPLIST_KEY_UIApplicationSupportsIndirectInputEvents = YES;
				INFOPLIST_KEY_UILaunchScreen_Generation = YES;
				INFOPLIST_KEY_UISupportedInterfaceOrientations_iPad = "UIInterfaceOrientationPortrait UIInterfaceOrientationPortraitUpsideDown UIInterfaceOrientationLandscapeLeft UIInterfaceOrientationLandscapeRight";
				INFOPLIST_KEY_UISupportedInterfaceOrientations_iPhone = "UIInterfaceOrientationPortrait UIInterfaceOrientationLandscapeLeft UIInterfaceOrientationLandscapeRight";
				LD_RUNPATH_SEARCH_PATHS = (
					"$(inherited)",
					"@executable_path/Frameworks",
				);
				MARKETING_VERSION = 1.0;
				PRODUCT_BUNDLE_IDENTIFIER = com.jaiswal.WeatherUpdate;
				PRODUCT_NAME = "$(TARGET_NAME)";
				SWIFT_EMIT_LOC_STRINGS = YES;
				SWIFT_VERSION = 5.0;
				TARGETED_DEVICE_FAMILY = "1,2";
			};
			name = Debug;
		};
		5C4C0BEC2C1D991A005E350A /* Release */ = {
			isa = XCBuildConfiguration;
			buildSettings = {
				ASSETCATALOG_COMPILER_APPICON_NAME = AppIcon;
				ASSETCATALOG_COMPILER_GLOBAL_ACCENT_COLOR_NAME = AccentColor;
				CODE_SIGN_STYLE = Automatic;
				CURRENT_PROJECT_VERSION = 1;
				DEVELOPMENT_ASSET_PATHS = "\"WeatherUpdate/Preview Content\"";
				DEVELOPMENT_TEAM = RQB2332XHJ;
				ENABLE_PREVIEWS = YES;
				GENERATE_INFOPLIST_FILE = YES;
				INFOPLIST_KEY_NSLocationWhenInUseUsageDescription = "App wants to know your location";
				INFOPLIST_KEY_UIApplicationSceneManifest_Generation = YES;
				INFOPLIST_KEY_UIApplicationSupportsIndirectInputEvents = YES;
				INFOPLIST_KEY_UILaunchScreen_Generation = YES;
				INFOPLIST_KEY_UISupportedInterfaceOrientations_iPad = "UIInterfaceOrientationPortrait UIInterfaceOrientationPortraitUpsideDown UIInterfaceOrientationLandscapeLeft UIInterfaceOrientationLandscapeRight";
				INFOPLIST_KEY_UISupportedInterfaceOrientations_iPhone = "UIInterfaceOrientationPortrait UIInterfaceOrientationLandscapeLeft UIInterfaceOrientationLandscapeRight";
				LD_RUNPATH_SEARCH_PATHS = (
					"$(inherited)",
					"@executable_path/Frameworks",
				);
				MARKETING_VERSION = 1.0;
				PRODUCT_BUNDLE_IDENTIFIER = com.jaiswal.WeatherUpdate;
				PRODUCT_NAME = "$(TARGET_NAME)";
				SWIFT_EMIT_LOC_STRINGS = YES;
				SWIFT_VERSION = 5.0;
				TARGETED_DEVICE_FAMILY = "1,2";
			};
			name = Release;
		};
		5C4C0BEE2C1D991A005E350A /* Debug */ = {
			isa = XCBuildConfiguration;
			buildSettings = {
				ALWAYS_EMBED_SWIFT_STANDARD_LIBRARIES = YES;
				BUNDLE_LOADER = "$(TEST_HOST)";
				CODE_SIGN_STYLE = Automatic;
				CURRENT_PROJECT_VERSION = 1;
				DEVELOPMENT_TEAM = RQB2332XHJ;
				GENERATE_INFOPLIST_FILE = YES;
				IPHONEOS_DEPLOYMENT_TARGET = 17.2;
				MARKETING_VERSION = 1.0;
				PRODUCT_BUNDLE_IDENTIFIER = com.jaiswal.WeatherUpdateTests;
				PRODUCT_NAME = "$(TARGET_NAME)";
				SWIFT_EMIT_LOC_STRINGS = NO;
				SWIFT_VERSION = 5.0;
				TARGETED_DEVICE_FAMILY = "1,2";
				TEST_HOST = "$(BUILT_PRODUCTS_DIR)/WeatherUpdate.app/$(BUNDLE_EXECUTABLE_FOLDER_PATH)/WeatherUpdate";
			};
			name = Debug;
		};
		5C4C0BEF2C1D991A005E350A /* Release */ = {
			isa = XCBuildConfiguration;
			buildSettings = {
				ALWAYS_EMBED_SWIFT_STANDARD_LIBRARIES = YES;
				BUNDLE_LOADER = "$(TEST_HOST)";
				CODE_SIGN_STYLE = Automatic;
				CURRENT_PROJECT_VERSION = 1;
				DEVELOPMENT_TEAM = RQB2332XHJ;
				GENERATE_INFOPLIST_FILE = YES;
				IPHONEOS_DEPLOYMENT_TARGET = 17.2;
				MARKETING_VERSION = 1.0;
				PRODUCT_BUNDLE_IDENTIFIER = com.jaiswal.WeatherUpdateTests;
				PRODUCT_NAME = "$(TARGET_NAME)";
				SWIFT_EMIT_LOC_STRINGS = NO;
				SWIFT_VERSION = 5.0;
				TARGETED_DEVICE_FAMILY = "1,2";
				TEST_HOST = "$(BUILT_PRODUCTS_DIR)/WeatherUpdate.app/$(BUNDLE_EXECUTABLE_FOLDER_PATH)/WeatherUpdate";
			};
			name = Release;
		};
		5C4C0BF12C1D991A005E350A /* Debug */ = {
			isa = XCBuildConfiguration;
			buildSettings = {
				ALWAYS_EMBED_SWIFT_STANDARD_LIBRARIES = YES;
				CODE_SIGN_STYLE = Automatic;
				CURRENT_PROJECT_VERSION = 1;
				DEVELOPMENT_TEAM = RQB2332XHJ;
				GENERATE_INFOPLIST_FILE = YES;
				MARKETING_VERSION = 1.0;
				PRODUCT_BUNDLE_IDENTIFIER = com.jaiswal.WeatherUpdateUITests;
				PRODUCT_NAME = "$(TARGET_NAME)";
				SWIFT_EMIT_LOC_STRINGS = NO;
				SWIFT_VERSION = 5.0;
				TARGETED_DEVICE_FAMILY = "1,2";
				TEST_TARGET_NAME = WeatherUpdate;
			};
			name = Debug;
		};
		5C4C0BF22C1D991A005E350A /* Release */ = {
			isa = XCBuildConfiguration;
			buildSettings = {
				ALWAYS_EMBED_SWIFT_STANDARD_LIBRARIES = YES;
				CODE_SIGN_STYLE = Automatic;
				CURRENT_PROJECT_VERSION = 1;
				DEVELOPMENT_TEAM = RQB2332XHJ;
				GENERATE_INFOPLIST_FILE = YES;
				MARKETING_VERSION = 1.0;
				PRODUCT_BUNDLE_IDENTIFIER = com.jaiswal.WeatherUpdateUITests;
				PRODUCT_NAME = "$(TARGET_NAME)";
				SWIFT_EMIT_LOC_STRINGS = NO;
				SWIFT_VERSION = 5.0;
				TARGETED_DEVICE_FAMILY = "1,2";
				TEST_TARGET_NAME = WeatherUpdate;
			};
			name = Release;
		};
/* End XCBuildConfiguration section */

/* Begin XCConfigurationList section */
		5C4C0BC12C1D9918005E350A /* Build configuration list for PBXProject "WeatherUpdate" */ = {
			isa = XCConfigurationList;
			buildConfigurations = (
				5C4C0BE82C1D991A005E350A /* Debug */,
				5C4C0BE92C1D991A005E350A /* Release */,
			);
			defaultConfigurationIsVisible = 0;
			defaultConfigurationName = Release;
		};
		5C4C0BEA2C1D991A005E350A /* Build configuration list for PBXNativeTarget "WeatherUpdate" */ = {
			isa = XCConfigurationList;
			buildConfigurations = (
				5C4C0BEB2C1D991A005E350A /* Debug */,
				5C4C0BEC2C1D991A005E350A /* Release */,
			);
			defaultConfigurationIsVisible = 0;
			defaultConfigurationName = Release;
		};
		5C4C0BED2C1D991A005E350A /* Build configuration list for PBXNativeTarget "WeatherUpdateTests" */ = {
			isa = XCConfigurationList;
			buildConfigurations = (
				5C4C0BEE2C1D991A005E350A /* Debug */,
				5C4C0BEF2C1D991A005E350A /* Release */,
			);
			defaultConfigurationIsVisible = 0;
			defaultConfigurationName = Release;
		};
		5C4C0BF02C1D991A005E350A /* Build configuration list for PBXNativeTarget "WeatherUpdateUITests" */ = {
			isa = XCConfigurationList;
			buildConfigurations = (
				5C4C0BF12C1D991A005E350A /* Debug */,
				5C4C0BF22C1D991A005E350A /* Release */,
			);
			defaultConfigurationIsVisible = 0;
			defaultConfigurationName = Release;
		};
/* End XCConfigurationList section */
	};
	rootObject = 5C4C0BBE2C1D9918005E350A /* Project object */;
}
